
Microsoft Visual Studio Solution File, Format Version 12.00
# Visual Studio Version 17
VisualStudioVersion = 17.14.36121.58 d17.14
MinimumVisualStudioVersion = 10.0.40219.1
Project("{FAE04EC0-301F-11D3-BF4B-00C04F79EFBC}") = "news", "news\news.csproj", "{8926545D-5DDE-45C7-807C-9E0E96AEEDA4}"
EndProject
Global
	GlobalSection(SolutionConfigurationPlatforms) = preSolution
		Debug|Any CPU = Debug|Any CPU
		Release|Any CPU = Release|Any CPU
	EndGlobalSection
	GlobalSection(ProjectConfigurationPlatforms) = postSolution
		{8926545D-5DDE-45C7-807C-9E0E96AEEDA4}.Debug|Any CPU.ActiveCfg = Debug|Any CPU
		{8926545D-5DDE-45C7-807C-9E0E96AEEDA4}.Debug|Any CPU.Build.0 = Debug|Any CPU
		{8926545D-5DDE-45C7-807C-9E0E96AEEDA4}.Release|Any CPU.ActiveCfg = Release|Any CPU
		{8926545D-5DDE-45C7-807C-9E0E96AEEDA4}.Release|Any CPU.Build.0 = Release|Any CPU
	EndGlobalSection
	GlobalSection(SolutionProperties) = preSolution
		HideSolutionNode = FALSE
	EndGlobalSection
	GlobalSection(ExtensibilityGlobals) = postSolution
		SolutionGuid = {C3002A5D-F604-4395-B494-7186FB4A0945}
	EndGlobalSection
EndGlobal
